
Microsoft Visual Studio Solution File, Format Version 12.00
# Visual Studio Version 16
VisualStudioVersion = 16.0.28803.352
MinimumVisualStudioVersion = 10.0.40219.1
Project("{9A19103F-16F7-4668-BE54-9A1E7A4F7556}") = "EmployeeManagement", "EmployeeManagement\EmployeeManagement.csproj", "{B039BD47-BEE4-4D73-A8CA-5A458540AF41}"
EndProject
Global
	GlobalSection(SolutionConfigurationPlatforms) = preSolution
		Debug|Any CPU = Debug|Any CPU
		Release|Any CPU = Release|Any CPU
	EndGlobalSection
	GlobalSection(ProjectConfigurationPlatforms) = postSolution
		{B039BD47-BEE4-4D73-A8CA-5A458540AF41}.Debug|Any CPU.ActiveCfg = Debug|Any CPU
		{B039BD47-BEE4-4D73-A8CA-5A458540AF41}.Debug|Any CPU.Build.0 = Debug|Any CPU
		{B039BD47-BEE4-4D73-A8CA-5A458540AF41}.Release|Any CPU.ActiveCfg = Release|Any CPU
		{B039BD47-BEE4-4D73-A8CA-5A458540AF41}.Release|Any CPU.Build.0 = Release|Any CPU
	EndGlobalSection
	GlobalSection(SolutionProperties) = preSolution
		HideSolutionNode = FALSE
	EndGlobalSection
	GlobalSection(ExtensibilityGlobals) = postSolution
		SolutionGuid = {D82E39F6-8EA0-40DD-9EA2-BC7C04BDE2B1}
	EndGlobalSection
EndGlobal
